// !$*UTF8*$!
{
	archiveVersion = 1;
	classes = {
	};
	objectVersion = 46;
	objects = {

/* Begin PBXBuildFile section */
		4C0755FB1EC550080036E063 /* AppDelegate.swift in Sources */ = {isa = PBXBuildFile; fileRef = 4C0755F21EC550080036E063 /* AppDelegate.swift */; };
		4C0755FC1EC550080036E063 /* Assets.xcassets in Resources */ = {isa = PBXBuildFile; fileRef = 4C0755F31EC550080036E063 /* Assets.xcassets */; };
		4C0755FE1EC550080036E063 /* Main.storyboard in Resources */ = {isa = PBXBuildFile; fileRef = 4C0755F61EC550080036E063 /* Main.storyboard */; };
		4C0755FF1EC550080036E063 /* HostTableViewController.swift in Sources */ = {isa = PBXBuildFile; fileRef = 4C0755F81EC550080036E063 /* HostTableViewController.swift */; };
		4C0756011EC550080036E063 /* SSHViewController.swift in Sources */ = {isa = PBXBuildFile; fileRef = 4C0755FA1EC550080036E063 /* SSHViewController.swift */; };
		4C4F19811F0618A100186B92 /* CopyrightViewController.swift in Sources */ = {isa = PBXBuildFile; fileRef = 4C4F19801F0618A100186B92 /* CopyrightViewController.swift */; };
		4C4F19831F06195600186B92 /* SettingViewController.swift in Sources */ = {isa = PBXBuildFile; fileRef = 4C4F19821F06195500186B92 /* SettingViewController.swift */; };
		4C51632B1EF101AD000E9A76 /* HostNameAndStatusTableViewCell.swift in Sources */ = {isa = PBXBuildFile; fileRef = 4C51632A1EF101AD000E9A76 /* HostNameAndStatusTableViewCell.swift */; };
		4C51632D1EF103CE000E9A76 /* LabelAndTextTableViewCell.swift in Sources */ = {isa = PBXBuildFile; fileRef = 4C51632C1EF103CE000E9A76 /* LabelAndTextTableViewCell.swift */; };
		4C5163311EF11E3A000E9A76 /* Notification-AddNewServer.swift in Sources */ = {isa = PBXBuildFile; fileRef = 4C5163301EF11E3A000E9A76 /* Notification-AddNewServer.swift */; };
		4C99D2E11ECBECDA00684E44 /* Launch Screen.storyboard in Resources */ = {isa = PBXBuildFile; fileRef = 4C99D2DF1ECBECDA00684E44 /* Launch Screen.storyboard */; };
		4CD7CD881ED57CC5004FE1CE /* SSHServers.xcdatamodeld in Sources */ = {isa = PBXBuildFile; fileRef = 4CD7CD861ED57CC5004FE1CE /* SSHServers.xcdatamodeld */; };
		4CE4F0711ECB386F0065B29A /* ServerSettingTableViewController.swift in Sources */ = {isa = PBXBuildFile; fileRef = 4CE4F0701ECB386F0065B29A /* ServerSettingTableViewController.swift */; };
		828F91E777BD059937804898 /* Pods_ATerminal.framework in Frameworks */ = {isa = PBXBuildFile; fileRef = 9CE041476A3E6805D1FE584C /* Pods_ATerminal.framework */; };
/* End PBXBuildFile section */

/* Begin PBXFileReference section */
		1BC2DF34F1DE22697357D9E5 /* Pods-ATerminal.release.xcconfig */ = {isa = PBXFileReference; includeInIndex = 1; lastKnownFileType = text.xcconfig; name = "Pods-ATerminal.release.xcconfig"; path = "Pods/Target Support Files/Pods-ATerminal/Pods-ATerminal.release.xcconfig"; sourceTree = "<group>"; };
		230CC230CA2F295ED78BA167 /* Pods-ATerminal.debug.xcconfig */ = {isa = PBXFileReference; includeInIndex = 1; lastKnownFileType = text.xcconfig; name = "Pods-ATerminal.debug.xcconfig"; path = "Pods/Target Support Files/Pods-ATerminal/Pods-ATerminal.debug.xcconfig"; sourceTree = "<group>"; };
		4C0755F21EC550080036E063 /* AppDelegate.swift */ = {isa = PBXFileReference; fileEncoding = 4; lastKnownFileType = sourcecode.swift; path = AppDelegate.swift; sourceTree = "<group>"; };
		4C0755F31EC550080036E063 /* Assets.xcassets */ = {isa = PBXFileReference; lastKnownFileType = folder.assetcatalog; path = Assets.xcassets; sourceTree = "<group>"; };
		4C0755F71EC550080036E063 /* Base */ = {isa = PBXFileReference; lastKnownFileType = file.storyboard; name = Base; path = Base.lproj/Main.storyboard; sourceTree = "<group>"; };
		4C0755F81EC550080036E063 /* HostTableViewController.swift */ = {isa = PBXFileReference; fileEncoding = 4; lastKnownFileType = sourcecode.swift; path = HostTableViewController.swift; sourceTree = "<group>"; };
		4C0755F91EC550080036E063 /* Info.plist */ = {isa = PBXFileReference; fileEncoding = 4; lastKnownFileType = text.plist.xml; path = Info.plist; sourceTree = "<group>"; };
		4C0755FA1EC550080036E063 /* SSHViewController.swift */ = {isa = PBXFileReference; fileEncoding = 4; lastKnownFileType = sourcecode.swift; path = SSHViewController.swift; sourceTree = "<group>"; };
		4C4F19801F0618A100186B92 /* CopyrightViewController.swift */ = {isa = PBXFileReference; fileEncoding = 4; lastKnownFileType = sourcecode.swift; path = CopyrightViewController.swift; sourceTree = "<group>"; };
		4C4F19821F06195500186B92 /* SettingViewController.swift */ = {isa = PBXFileReference; fileEncoding = 4; lastKnownFileType = sourcecode.swift; path = SettingViewController.swift; sourceTree = "<group>"; };
		4C51632A1EF101AD000E9A76 /* HostNameAndStatusTableViewCell.swift */ = {isa = PBXFileReference; fileEncoding = 4; lastKnownFileType = sourcecode.swift; path = HostNameAndStatusTableViewCell.swift; sourceTree = "<group>"; };
		4C51632C1EF103CE000E9A76 /* LabelAndTextTableViewCell.swift */ = {isa = PBXFileReference; fileEncoding = 4; lastKnownFileType = sourcecode.swift; path = LabelAndTextTableViewCell.swift; sourceTree = "<group>"; };
		4C5163301EF11E3A000E9A76 /* Notification-AddNewServer.swift */ = {isa = PBXFileReference; fileEncoding = 4; lastKnownFileType = sourcecode.swift; path = "Notification-AddNewServer.swift"; sourceTree = "<group>"; };
		4C99D2E01ECBECDA00684E44 /* Base */ = {isa = PBXFileReference; lastKnownFileType = file.storyboard; name = Base; path = "Base.lproj/Launch Screen.storyboard"; sourceTree = "<group>"; };
		4CA124A81EC335D300BD26B1 /* ATerminal.app */ = {isa = PBXFileReference; explicitFileType = wrapper.application; includeInIndex = 0; path = ATerminal.app; sourceTree = BUILT_PRODUCTS_DIR; };
		4CD7CD871ED57CC5004FE1CE /* SSHServers.xcdatamodel */ = {isa = PBXFileReference; lastKnownFileType = wrapper.xcdatamodel; path = SSHServers.xcdatamodel; sourceTree = "<group>"; };
		4CE4F0701ECB386F0065B29A /* ServerSettingTableViewController.swift */ = {isa = PBXFileReference; fileEncoding = 4; lastKnownFileType = sourcecode.swift; path = ServerSettingTableViewController.swift; sourceTree = "<group>"; };
		9CE041476A3E6805D1FE584C /* Pods_ATerminal.framework */ = {isa = PBXFileReference; explicitFileType = wrapper.framework; includeInIndex = 0; path = Pods_ATerminal.framework; sourceTree = BUILT_PRODUCTS_DIR; };
/* End PBXFileReference section */

/* Begin PBXFrameworksBuildPhase section */
		4CA124A51EC335D300BD26B1 /* Frameworks */ = {
			isa = PBXFrameworksBuildPhase;
			buildActionMask = 2147483647;
			files = (
				828F91E777BD059937804898 /* Pods_ATerminal.framework in Frameworks */,
			);
			runOnlyForDeploymentPostprocessing = 0;
		};
/* End PBXFrameworksBuildPhase section */

/* Begin PBXGroup section */
		4C0755F11EC550080036E063 /* ATerminal */ = {
			isa = PBXGroup;
			children = (
				4C51632F1EF11E01000E9A76 /* Extension */,
				4C51632E1EF103D8000E9A76 /* TableViewCell */,
				4C0755F21EC550080036E063 /* AppDelegate.swift */,
				4C0755F31EC550080036E063 /* Assets.xcassets */,
				4C0755F61EC550080036E063 /* Main.storyboard */,
				4C0755F81EC550080036E063 /* HostTableViewController.swift */,
				4C0755F91EC550080036E063 /* Info.plist */,
				4C0755FA1EC550080036E063 /* SSHViewController.swift */,
				4CE4F0701ECB386F0065B29A /* ServerSettingTableViewController.swift */,
				4C99D2DF1ECBECDA00684E44 /* Launch Screen.storyboard */,
				4CD7CD861ED57CC5004FE1CE /* SSHServers.xcdatamodeld */,
				4C4F19801F0618A100186B92 /* CopyrightViewController.swift */,
				4C4F19821F06195500186B92 /* SettingViewController.swift */,
			);
			path = ATerminal;
			sourceTree = SOURCE_ROOT;
		};
		4C51632E1EF103D8000E9A76 /* TableViewCell */ = {
			isa = PBXGroup;
			children = (
				4C51632C1EF103CE000E9A76 /* LabelAndTextTableViewCell.swift */,
				4C51632A1EF101AD000E9A76 /* HostNameAndStatusTableViewCell.swift */,
			);
			name = TableViewCell;
			sourceTree = "<group>";
		};
		4C51632F1EF11E01000E9A76 /* Extension */ = {
			isa = PBXGroup;
			children = (
				4C5163301EF11E3A000E9A76 /* Notification-AddNewServer.swift */,
			);
			name = Extension;
			sourceTree = "<group>";
		};
		4CA1249F1EC335D300BD26B1 = {
			isa = PBXGroup;
			children = (
				4C0755F11EC550080036E063 /* ATerminal */,
				4CA124A91EC335D300BD26B1 /* Products */,
				D5ADE785CD863B835F102FF2 /* Pods */,
				CB516AD371500D3950695134 /* Frameworks */,
			);
			sourceTree = "<group>";
		};
		4CA124A91EC335D300BD26B1 /* Products */ = {
			isa = PBXGroup;
			children = (
				4CA124A81EC335D300BD26B1 /* ATerminal.app */,
			);
			name = Products;
			sourceTree = "<group>";
		};
		CB516AD371500D3950695134 /* Frameworks */ = {
			isa = PBXGroup;
			children = (
				9CE041476A3E6805D1FE584C /* Pods_ATerminal.framework */,
			);
			name = Frameworks;
			sourceTree = "<group>";
		};
		D5ADE785CD863B835F102FF2 /* Pods */ = {
			isa = PBXGroup;
			children = (
				230CC230CA2F295ED78BA167 /* Pods-ATerminal.debug.xcconfig */,
				1BC2DF34F1DE22697357D9E5 /* Pods-ATerminal.release.xcconfig */,
			);
			name = Pods;
			sourceTree = "<group>";
		};
/* End PBXGroup section */

/* Begin PBXNativeTarget section */
		4CA124A71EC335D300BD26B1 /* ATerminal */ = {
			isa = PBXNativeTarget;
			buildConfigurationList = 4CA124BA1EC335D300BD26B1 /* Build configuration list for PBXNativeTarget "ATerminal" */;
			buildPhases = (
				FD8A8E015291DE8990335A00 /* [CP] Check Pods Manifest.lock */,
				4CA124A41EC335D300BD26B1 /* Sources */,
				4CA124A51EC335D300BD26B1 /* Frameworks */,
				4CA124A61EC335D300BD26B1 /* Resources */,
				FB1AB3991C4E89D2C87D1B1E /* [CP] Embed Pods Frameworks */,
				2FCEF417CC90954498CA8F04 /* [CP] Copy Pods Resources */,
			);
			buildRules = (
			);
			dependencies = (
			);
			name = ATerminal;
			productName = ATermial;
			productReference = 4CA124A81EC335D300BD26B1 /* ATerminal.app */;
			productType = "com.apple.product-type.application";
		};
/* End PBXNativeTarget section */

/* Begin PBXProject section */
		4CA124A01EC335D300BD26B1 /* Project object */ = {
			isa = PBXProject;
			attributes = {
				LastSwiftUpdateCheck = 0830;
				LastUpgradeCheck = 0830;
				ORGANIZATIONNAME = Thnuth;
				TargetAttributes = {
					4CA124A71EC335D300BD26B1 = {
						CreatedOnToolsVersion = 8.3.2;
						DevelopmentTeam = 4S8GPRL5N3;
						ProvisioningStyle = Automatic;
					};
				};
			};
			buildConfigurationList = 4CA124A31EC335D300BD26B1 /* Build configuration list for PBXProject "ATerminal" */;
			compatibilityVersion = "Xcode 3.2";
			developmentRegion = English;
			hasScannedForEncodings = 0;
			knownRegions = (
				en,
				Base,
			);
			mainGroup = 4CA1249F1EC335D300BD26B1;
			productRefGroup = 4CA124A91EC335D300BD26B1 /* Products */;
			projectDirPath = "";
			projectRoot = "";
			targets = (
				4CA124A71EC335D300BD26B1 /* ATerminal */,
			);
		};
/* End PBXProject section */

/* Begin PBXResourcesBuildPhase section */
		4CA124A61EC335D300BD26B1 /* Resources */ = {
			isa = PBXResourcesBuildPhase;
			buildActionMask = 2147483647;
			files = (
				4C99D2E11ECBECDA00684E44 /* Launch Screen.storyboard in Resources */,
				4C0755FE1EC550080036E063 /* Main.storyboard in Resources */,
				4C0755FC1EC550080036E063 /* Assets.xcassets in Resources */,
			);
			runOnlyForDeploymentPostprocessing = 0;
		};
/* End PBXResourcesBuildPhase section */

/* Begin PBXShellScriptBuildPhase section */
		2FCEF417CC90954498CA8F04 /* [CP] Copy Pods Resources */ = {
			isa = PBXShellScriptBuildPhase;
			buildActionMask = 2147483647;
			files = (
			);
			inputPaths = (
			);
			name = "[CP] Copy Pods Resources";
			outputPaths = (
			);
			runOnlyForDeploymentPostprocessing = 0;
			shellPath = /bin/sh;
			shellScript = "\"${SRCROOT}/Pods/Target Support Files/Pods-ATerminal/Pods-ATerminal-resources.sh\"\n";
			showEnvVarsInLog = 0;
		};
		FB1AB3991C4E89D2C87D1B1E /* [CP] Embed Pods Frameworks */ = {
			isa = PBXShellScriptBuildPhase;
			buildActionMask = 2147483647;
			files = (
			);
			inputPaths = (
			);
			name = "[CP] Embed Pods Frameworks";
			outputPaths = (
			);
			runOnlyForDeploymentPostprocessing = 0;
			shellPath = /bin/sh;
			shellScript = "\"${SRCROOT}/Pods/Target Support Files/Pods-ATerminal/Pods-ATerminal-frameworks.sh\"\n";
			showEnvVarsInLog = 0;
		};
		FD8A8E015291DE8990335A00 /* [CP] Check Pods Manifest.lock */ = {
			isa = PBXShellScriptBuildPhase;
			buildActionMask = 2147483647;
			files = (
			);
			inputPaths = (
			);
			name = "[CP] Check Pods Manifest.lock";
			outputPaths = (
			);
			runOnlyForDeploymentPostprocessing = 0;
			shellPath = /bin/sh;
			shellScript = "diff \"${PODS_PODFILE_DIR_PATH}/Podfile.lock\" \"${PODS_ROOT}/Manifest.lock\" > /dev/null\nif [ $? != 0 ] ; then\n    # print error to STDERR\n    echo \"error: The sandbox is not in sync with the Podfile.lock. Run 'pod install' or update your CocoaPods installation.\" >&2\n    exit 1\nfi\n";
			showEnvVarsInLog = 0;
		};
/* End PBXShellScriptBuildPhase section */

/* Begin PBXSourcesBuildPhase section */
		4CA124A41EC335D300BD26B1 /* Sources */ = {
			isa = PBXSourcesBuildPhase;
			buildActionMask = 2147483647;
			files = (
				4C5163311EF11E3A000E9A76 /* Notification-AddNewServer.swift in Sources */,
				4C4F19811F0618A100186B92 /* CopyrightViewController.swift in Sources */,
				4C51632D1EF103CE000E9A76 /* LabelAndTextTableViewCell.swift in Sources */,
				4C0755FB1EC550080036E063 /* AppDelegate.swift in Sources */,
				4CD7CD881ED57CC5004FE1CE /* SSHServers.xcdatamodeld in Sources */,
				4C4F19831F06195600186B92 /* SettingViewController.swift in Sources */,
				4C51632B1EF101AD000E9A76 /* HostNameAndStatusTableViewCell.swift in Sources */,
				4C0756011EC550080036E063 /* SSHViewController.swift in Sources */,
				4C0755FF1EC550080036E063 /* HostTableViewController.swift in Sources */,
				4CE4F0711ECB386F0065B29A /* ServerSettingTableViewController.swift in Sources */,
			);
			runOnlyForDeploymentPostprocessing = 0;
		};
/* End PBXSourcesBuildPhase section */

/* Begin PBXVariantGroup section */
		4C0755F61EC550080036E063 /* Main.storyboard */ = {
			isa = PBXVariantGroup;
			children = (
				4C0755F71EC550080036E063 /* Base */,
			);
			name = Main.storyboard;
			sourceTree = "<group>";
		};
		4C99D2DF1ECBECDA00684E44 /* Launch Screen.storyboard */ = {
			isa = PBXVariantGroup;
			children = (
				4C99D2E01ECBECDA00684E44 /* Base */,
			);
			name = "Launch Screen.storyboard";
			sourceTree = "<group>";
		};
/* End PBXVariantGroup section */

/* Begin XCBuildConfiguration section */
		4CA124B81EC335D300BD26B1 /* Debug */ = {
			isa = XCBuildConfiguration;
			buildSettings = {
				ALWAYS_SEARCH_USER_PATHS = NO;
				CLANG_ANALYZER_NONNULL = YES;
				CLANG_ANALYZER_NUMBER_OBJECT_CONVERSION = YES_AGGRESSIVE;
				CLANG_CXX_LANGUAGE_STANDARD = "gnu++0x";
				CLANG_CXX_LIBRARY = "libc++";
				CLANG_ENABLE_MODULES = YES;
				CLANG_ENABLE_OBJC_ARC = YES;
				CLANG_WARN_BOOL_CONVERSION = YES;
				CLANG_WARN_CONSTANT_CONVERSION = YES;
				CLANG_WARN_DIRECT_OBJC_ISA_USAGE = YES_ERROR;
				CLANG_WARN_DOCUMENTATION_COMMENTS = YES;
				CLANG_WARN_EMPTY_BODY = YES;
				CLANG_WARN_ENUM_CONVERSION = YES;
				CLANG_WARN_INFINITE_RECURSION = YES;
				CLANG_WARN_INT_CONVERSION = YES;
				CLANG_WARN_OBJC_ROOT_CLASS = YES_ERROR;
				CLANG_WARN_SUSPICIOUS_MOVE = YES;
				CLANG_WARN_UNREACHABLE_CODE = YES;
				CLANG_WARN__DUPLICATE_METHOD_MATCH = YES;
				"CODE_SIGN_IDENTITY[sdk=iphoneos*]" = "iPhone Developer";
				COPY_PHASE_STRIP = NO;
				DEBUG_INFORMATION_FORMAT = dwarf;
				ENABLE_STRICT_OBJC_MSGSEND = YES;
				ENABLE_TESTABILITY = YES;
				GCC_C_LANGUAGE_STANDARD = gnu99;
				GCC_DYNAMIC_NO_PIC = NO;
				GCC_NO_COMMON_BLOCKS = YES;
				GCC_OPTIMIZATION_LEVEL = 0;
				GCC_PREPROCESSOR_DEFINITIONS = (
					"DEBUG=1",
					"$(inherited)",
				);
				GCC_WARN_64_TO_32_BIT_CONVERSION = YES;
				GCC_WARN_ABOUT_RETURN_TYPE = YES_ERROR;
				GCC_WARN_UNDECLARED_SELECTOR = YES;
				GCC_WARN_UNINITIALIZED_AUTOS = YES_AGGRESSIVE;
				GCC_WARN_UNUSED_FUNCTION = YES;
				GCC_WARN_UNUSED_VARIABLE = YES;
				IPHONEOS_DEPLOYMENT_TARGET = 10.0;
				MTL_ENABLE_DEBUG_INFO = YES;
				ONLY_ACTIVE_ARCH = YES;
				SDKROOT = iphoneos;
				SWIFT_ACTIVE_COMPILATION_CONDITIONS = DEBUG;
				SWIFT_OPTIMIZATION_LEVEL = "-Onone";
				TARGETED_DEVICE_FAMILY = "1,2";
			};
			name = Debug;
		};
		4CA124B91EC335D300BD26B1 /* Release */ = {
			isa = XCBuildConfiguration;
			buildSettings = {
				ALWAYS_SEARCH_USER_PATHS = NO;
				CLANG_ANALYZER_NONNULL = YES;
				CLANG_ANALYZER_NUMBER_OBJECT_CONVERSION = YES_AGGRESSIVE;
				CLANG_CXX_LANGUAGE_STANDARD = "gnu++0x";
				CLANG_CXX_LIBRARY = "libc++";
				CLANG_ENABLE_MODULES = YES;
				CLANG_ENABLE_OBJC_ARC = YES;
				CLANG_WARN_BOOL_CONVERSION = YES;
				CLANG_WARN_CONSTANT_CONVERSION = YES;
				CLANG_WARN_DIRECT_OBJC_ISA_USAGE = YES_ERROR;
				CLANG_WARN_DOCUMENTATION_COMMENTS = YES;
				CLANG_WARN_EMPTY_BODY = YES;
				CLANG_WARN_ENUM_CONVERSION = YES;
				CLANG_WARN_INFINITE_RECURSION = YES;
				CLANG_WARN_INT_CONVERSION = YES;
				CLANG_WARN_OBJC_ROOT_CLASS = YES_ERROR;
				CLANG_WARN_SUSPICIOUS_MOVE = YES;
				CLANG_WARN_UNREACHABLE_CODE = YES;
				CLANG_WARN__DUPLICATE_METHOD_MATCH = YES;
				"CODE_SIGN_IDENTITY[sdk=iphoneos*]" = "iPhone Developer";
				COPY_PHASE_STRIP = NO;
				DEBUG_INFORMATION_FORMAT = "dwarf-with-dsym";
				ENABLE_NS_ASSERTIONS = NO;
				ENABLE_STRICT_OBJC_MSGSEND = YES;
				GCC_C_LANGUAGE_STANDARD = gnu99;
				GCC_NO_COMMON_BLOCKS = YES;
				GCC_WARN_64_TO_32_BIT_CONVERSION = YES;
				GCC_WARN_ABOUT_RETURN_TYPE = YES_ERROR;
				GCC_WARN_UNDECLARED_SELECTOR = YES;
				GCC_WARN_UNINITIALIZED_AUTOS = YES_AGGRESSIVE;
				GCC_WARN_UNUSED_FUNCTION = YES;
				GCC_WARN_UNUSED_VARIABLE = YES;
				IPHONEOS_DEPLOYMENT_TARGET = 10.0;
				MTL_ENABLE_DEBUG_INFO = NO;
				SDKROOT = iphoneos;
				SWIFT_OPTIMIZATION_LEVEL = "-Owholemodule";
				TARGETED_DEVICE_FAMILY = "1,2";
				VALIDATE_PRODUCT = YES;
			};
			name = Release;
		};
		4CA124BB1EC335D300BD26B1 /* Debug */ = {
			isa = XCBuildConfiguration;
			baseConfigurationReference = 230CC230CA2F295ED78BA167 /* Pods-ATerminal.debug.xcconfig */;
			buildSettings = {
				ASSETCATALOG_COMPILER_APPICON_NAME = AppIcon;
				DEVELOPMENT_TEAM = 4S8GPRL5N3;
				INFOPLIST_FILE = "$(SRCROOT)/ATerminal/Info.plist";
				LD_RUNPATH_SEARCH_PATHS = "$(inherited) @executable_path/Frameworks";
				PRODUCT_BUNDLE_IDENTIFIER = com.thnuth.ATerminal;
				PRODUCT_NAME = "$(TARGET_NAME)";
				SWIFT_VERSION = 3.0;
			};
			name = Debug;
		};
		4CA124BC1EC335D300BD26B1 /* Release */ = {
			isa = XCBuildConfiguration;
			baseConfigurationReference = 1BC2DF34F1DE22697357D9E5 /* Pods-ATerminal.release.xcconfig */;
			buildSettings = {
				ASSETCATALOG_COMPILER_APPICON_NAME = AppIcon;
				DEVELOPMENT_TEAM = 4S8GPRL5N3;
				INFOPLIST_FILE = "$(SRCROOT)/ATerminal/Info.plist";
				LD_RUNPATH_SEARCH_PATHS = "$(inherited) @executable_path/Frameworks";
				PRODUCT_BUNDLE_IDENTIFIER = com.thnuth.ATerminal;
				PRODUCT_NAME = "$(TARGET_NAME)";
				SWIFT_VERSION = 3.0;
			};
			name = Release;
		};
/* End XCBuildConfiguration section */

/* Begin XCConfigurationList section */
		4CA124A31EC335D300BD26B1 /* Build configuration list for PBXProject "ATerminal" */ = {
			isa = XCConfigurationList;
			buildConfigurations = (
				4CA124B81EC335D300BD26B1 /* Debug */,
				4CA124B91EC335D300BD26B1 /* Release */,
			);
			defaultConfigurationIsVisible = 0;
			defaultConfigurationName = Release;
		};
		4CA124BA1EC335D300BD26B1 /* Build configuration list for PBXNativeTarget "ATerminal" */ = {
			isa = XCConfigurationList;
			buildConfigurations = (
				4CA124BB1EC335D300BD26B1 /* Debug */,
				4CA124BC1EC335D300BD26B1 /* Release */,
			);
			defaultConfigurationIsVisible = 0;
			defaultConfigurationName = Release;
		};
/* End XCConfigurationList section */

/* Begin XCVersionGroup section */
		4CD7CD861ED57CC5004FE1CE /* SSHServers.xcdatamodeld */ = {
			isa = XCVersionGroup;
			children = (
				4CD7CD871ED57CC5004FE1CE /* SSHServers.xcdatamodel */,
			);
			currentVersion = 4CD7CD871ED57CC5004FE1CE /* SSHServers.xcdatamodel */;
			path = SSHServers.xcdatamodeld;
			sourceTree = "<group>";
			versionGroupType = wrapper.xcdatamodel;
		};
/* End XCVersionGroup section */
	};
	rootObject = 4CA124A01EC335D300BD26B1 /* Project object */;
}
